
Microsoft Visual Studio Solution File, Format Version 12.00
# Visual Studio Version 17
VisualStudioVersion = 17.10.34804.81
MinimumVisualStudioVersion = 10.0.40219.1
Project("{FAE04EC0-301F-11D3-BF4B-00C04F79EFBC}") = "OnlineJudgeWithDocker", "OnlineJudgeWithDocker\OnlineJudgeWithDocker.csproj", "{44F525DA-F0EB-4244-BCFD-97C621CB582C}"
EndProject
Global
	GlobalSection(SolutionConfigurationPlatforms) = preSolution
		Debug|Any CPU = Debug|Any CPU
		Release|Any CPU = Release|Any CPU
	EndGlobalSection
	GlobalSection(ProjectConfigurationPlatforms) = postSolution
		{44F525DA-F0EB-4244-BCFD-97C621CB582C}.Debug|Any CPU.ActiveCfg = Debug|Any CPU
		{44F525DA-F0EB-4244-BCFD-97C621CB582C}.Debug|Any CPU.Build.0 = Debug|Any CPU
		{44F525DA-F0EB-4244-BCFD-97C621CB582C}.Release|Any CPU.ActiveCfg = Release|Any CPU
		{44F525DA-F0EB-4244-BCFD-97C621CB582C}.Release|Any CPU.Build.0 = Release|Any CPU
	EndGlobalSection
	GlobalSection(SolutionProperties) = preSolution
		HideSolutionNode = FALSE
	EndGlobalSection
	GlobalSection(ExtensibilityGlobals) = postSolution
		SolutionGuid = {8D2509CC-847A-410E-BC0A-847B2367F3A4}
	EndGlobalSection
EndGlobal
